
Microsoft Visual Studio Solution File, Format Version 12.00
# Visual Studio 15
VisualStudioVersion = 15.0.26730.12
MinimumVisualStudioVersion = 10.0.40219.1
Project("{FAE04EC0-301F-11D3-BF4B-00C04F79EFBC}") = "MobileAppCA", "MobileAppCA\MobileAppCA.csproj", "{E0752D73-DBF9-4EF9-9DDE-2EE08F594C9B}"
EndProject
Global
	GlobalSection(SolutionConfigurationPlatforms) = preSolution
		Debug|Any CPU = Debug|Any CPU
		Release|Any CPU = Release|Any CPU
	EndGlobalSection
	GlobalSection(ProjectConfigurationPlatforms) = postSolution
		{E0752D73-DBF9-4EF9-9DDE-2EE08F594C9B}.Debug|Any CPU.ActiveCfg = Debug|Any CPU
		{E0752D73-DBF9-4EF9-9DDE-2EE08F594C9B}.Debug|Any CPU.Build.0 = Debug|Any CPU
		{E0752D73-DBF9-4EF9-9DDE-2EE08F594C9B}.Debug|Any CPU.Deploy.0 = Debug|Any CPU
		{E0752D73-DBF9-4EF9-9DDE-2EE08F594C9B}.Release|Any CPU.ActiveCfg = Release|Any CPU
		{E0752D73-DBF9-4EF9-9DDE-2EE08F594C9B}.Release|Any CPU.Build.0 = Release|Any CPU
		{E0752D73-DBF9-4EF9-9DDE-2EE08F594C9B}.Release|Any CPU.Deploy.0 = Release|Any CPU
	EndGlobalSection
	GlobalSection(SolutionProperties) = preSolution
		HideSolutionNode = FALSE
	EndGlobalSection
	GlobalSection(ExtensibilityGlobals) = postSolution
		SolutionGuid = {9BCCF142-10D9-46A6-B61F-8623D2FFFFDD}
	EndGlobalSection
EndGlobal
